
Microsoft Visual Studio Solution File, Format Version 12.00
# Visual Studio Version 16
VisualStudioVersion = 16.0.29709.97
MinimumVisualStudioVersion = 10.0.40219.1
Project("{9A19103F-16F7-4668-BE54-9A1E7A4F7556}") = "ConsoleClient", "Client\Console\ConsoleClient.csproj", "{BD9A1C11-5062-40C2-BC71-81CA2C11E46A}"
EndProject
Project("{9A19103F-16F7-4668-BE54-9A1E7A4F7556}") = "Domain", "Domain\Domain.csproj", "{3D182F3F-F29A-402A-BDF6-B716075B26A3}"
EndProject
Project("{9A19103F-16F7-4668-BE54-9A1E7A4F7556}") = "Utility", "Utility\Utility.csproj", "{43352FE6-9E60-4450-A94A-87353A696C61}"
EndProject
Project("{9A19103F-16F7-4668-BE54-9A1E7A4F7556}") = "Desktop", "Client\Desktop\Desktop.csproj", "{5901B314-D54F-44A2-80C9-7CA550294060}"
EndProject
Project("{9A19103F-16F7-4668-BE54-9A1E7A4F7556}") = "Domain.Shared", "Domain.Shared\Domain.Shared.csproj", "{F336CD16-FAB0-4F4D-A118-550A9F715DF5}"
EndProject
Project("{FAE04EC0-301F-11D3-BF4B-00C04F79EFBC}") = "Infrastructure", "Infrastructure\Infrastructure.csproj", "{D66C940C-0864-4800-B3BC-33D43B202EF7}"
EndProject
Global
	GlobalSection(SolutionConfigurationPlatforms) = preSolution
		Debug|Any CPU = Debug|Any CPU
		Release|Any CPU = Release|Any CPU
	EndGlobalSection
	GlobalSection(ProjectConfigurationPlatforms) = postSolution
		{BD9A1C11-5062-40C2-BC71-81CA2C11E46A}.Debug|Any CPU.ActiveCfg = Debug|Any CPU
		{BD9A1C11-5062-40C2-BC71-81CA2C11E46A}.Debug|Any CPU.Build.0 = Debug|Any CPU
		{BD9A1C11-5062-40C2-BC71-81CA2C11E46A}.Release|Any CPU.ActiveCfg = Release|Any CPU
		{BD9A1C11-5062-40C2-BC71-81CA2C11E46A}.Release|Any CPU.Build.0 = Release|Any CPU
		{3D182F3F-F29A-402A-BDF6-B716075B26A3}.Debug|Any CPU.ActiveCfg = Debug|Any CPU
		{3D182F3F-F29A-402A-BDF6-B716075B26A3}.Debug|Any CPU.Build.0 = Debug|Any CPU
		{3D182F3F-F29A-402A-BDF6-B716075B26A3}.Release|Any CPU.ActiveCfg = Release|Any CPU
		{3D182F3F-F29A-402A-BDF6-B716075B26A3}.Release|Any CPU.Build.0 = Release|Any CPU
		{43352FE6-9E60-4450-A94A-87353A696C61}.Debug|Any CPU.ActiveCfg = Debug|Any CPU
		{43352FE6-9E60-4450-A94A-87353A696C61}.Debug|Any CPU.Build.0 = Debug|Any CPU
		{43352FE6-9E60-4450-A94A-87353A696C61}.Release|Any CPU.ActiveCfg = Release|Any CPU
		{43352FE6-9E60-4450-A94A-87353A696C61}.Release|Any CPU.Build.0 = Release|Any CPU
		{5901B314-D54F-44A2-80C9-7CA550294060}.Debug|Any CPU.ActiveCfg = Debug|Any CPU
		{5901B314-D54F-44A2-80C9-7CA550294060}.Debug|Any CPU.Build.0 = Debug|Any CPU
		{5901B314-D54F-44A2-80C9-7CA550294060}.Release|Any CPU.ActiveCfg = Release|Any CPU
		{5901B314-D54F-44A2-80C9-7CA550294060}.Release|Any CPU.Build.0 = Release|Any CPU
		{F336CD16-FAB0-4F4D-A118-550A9F715DF5}.Debug|Any CPU.ActiveCfg = Debug|Any CPU
		{F336CD16-FAB0-4F4D-A118-550A9F715DF5}.Debug|Any CPU.Build.0 = Debug|Any CPU
		{F336CD16-FAB0-4F4D-A118-550A9F715DF5}.Release|Any CPU.ActiveCfg = Release|Any CPU
		{F336CD16-FAB0-4F4D-A118-550A9F715DF5}.Release|Any CPU.Build.0 = Release|Any CPU
		{D66C940C-0864-4800-B3BC-33D43B202EF7}.Debug|Any CPU.ActiveCfg = Debug|Any CPU
		{D66C940C-0864-4800-B3BC-33D43B202EF7}.Debug|Any CPU.Build.0 = Debug|Any CPU
		{D66C940C-0864-4800-B3BC-33D43B202EF7}.Release|Any CPU.ActiveCfg = Release|Any CPU
		{D66C940C-0864-4800-B3BC-33D43B202EF7}.Release|Any CPU.Build.0 = Release|Any CPU
	EndGlobalSection
	GlobalSection(SolutionProperties) = preSolution
		HideSolutionNode = FALSE
	EndGlobalSection
	GlobalSection(ExtensibilityGlobals) = postSolution
		SolutionGuid = {4EF8566E-C6C8-46EE-A6E4-EFC6CE437C63}
	EndGlobalSection
EndGlobal
